PODS:
  - MaterialComponents/ActivityIndicator (117.0.0):
    - MaterialComponents/Palettes
    - MaterialComponents/private/Application
    - MDFInternationalization
    - MotionAnimator (~> 2.0)
  - MaterialComponents/AnimationTiming (117.0.0)
  - MaterialComponents/Availability (117.0.0)
  - MaterialComponents/Buttons (117.0.0):
    - MaterialComponents/Elevation
    - MaterialComponents/Ink
    - MaterialComponents/private/Math
    - MaterialComponents/Ripple
    - MaterialComponents/ShadowElevations
    - MaterialComponents/ShadowLayer
    - MaterialComponents/ShapeLibrary
    - MaterialComponents/Shapes
    - MaterialComponents/Typography
    - MDFInternationalization
    - MDFTextAccessibility
  - "MaterialComponents/Buttons+ColorThemer (117.0.0)":
    - MaterialComponents/Buttons
    - MaterialComponents/schemes/Color
  - "MaterialComponents/Buttons+ShapeThemer (117.0.0)":
    - MaterialComponents/Buttons
    - MaterialComponents/schemes/Shape
  - "MaterialComponents/Buttons+Theming (117.0.0)":
    - MaterialComponents/Buttons
    - "MaterialComponents/Buttons+ColorThemer"
    - "MaterialComponents/Buttons+ShapeThemer"
    - "MaterialComponents/Buttons+TypographyThemer"
    - MaterialComponents/schemes/Container
    - MaterialComponents/ShadowElevations
  - "MaterialComponents/Buttons+TypographyThemer (117.0.0)":
    - MaterialComponents/Buttons
    - MaterialComponents/schemes/Typography
  - MaterialComponents/Elevation (117.0.0):
    - MaterialComponents/Availability
    - MaterialComponents/private/Color
    - MaterialComponents/private/Math
  - MaterialComponents/Ink (117.0.0):
    - MaterialComponents/Availability
    - MaterialComponents/private/Color
    - MaterialComponents/private/Math
  - MaterialComponents/Palettes (117.0.0)
  - MaterialComponents/private/Application (117.0.0)
  - MaterialComponents/private/Color (117.0.0):
    - MaterialComponents/Availability
  - MaterialComponents/private/Math (117.0.0)
  - MaterialComponents/private/ThumbTrack (117.0.0):
    - MaterialComponents/Availability
    - MaterialComponents/Ink
    - MaterialComponents/private/Math
    - MaterialComponents/Ripple
    - MaterialComponents/ShadowElevations
    - MaterialComponents/ShadowLayer
    - MaterialComponents/ShapeLibrary
    - MaterialComponents/Typography
    - MDFInternationalization
  - MaterialComponents/ProgressView (117.0.0):
    - MaterialComponents/Palettes
    - MaterialComponents/private/Math
    - MDFInternationalization
  - MaterialComponents/Ripple (117.0.0):
    - MaterialComponents/AnimationTiming
    - MaterialComponents/Availability
    - MaterialComponents/private/Color
    - MaterialComponents/private/Math
  - MaterialComponents/schemes/Color (117.0.0):
    - MaterialComponents/Availability
    - MaterialComponents/private/Color
  - MaterialComponents/schemes/Container (117.0.0):
    - MaterialComponents/schemes/Color
    - MaterialComponents/schemes/Shape
    - MaterialComponents/schemes/Typography
  - MaterialComponents/schemes/Shape (117.0.0):
    - MaterialComponents/ShapeLibrary
    - MaterialComponents/Shapes
  - MaterialComponents/schemes/Typography (117.0.0):
    - "MaterialComponents/schemes/Typography+BasicFontScheme"
    - "MaterialComponents/schemes/Typography+Scheming"
    - MaterialComponents/Typography
  - "MaterialComponents/schemes/Typography+BasicFontScheme (117.0.0)"
  - "MaterialComponents/schemes/Typography+Scheming (117.0.0)"
  - MaterialComponents/ShadowElevations (117.0.0)
  - MaterialComponents/ShadowLayer (117.0.0):
    - MaterialComponents/ShadowElevations
  - MaterialComponents/ShapeLibrary (117.0.0):
    - MaterialComponents/private/Math
    - MaterialComponents/Shapes
  - MaterialComponents/Shapes (117.0.0):
    - MaterialComponents/private/Color
    - MaterialComponents/private/Math
    - MaterialComponents/ShadowLayer
  - MaterialComponents/Slider (117.0.0):
    - MaterialComponents/Elevation
    - MaterialComponents/Palettes
    - MaterialComponents/private/Math
    - MaterialComponents/private/ThumbTrack
    - MaterialComponents/ShadowElevations
  - MaterialComponents/TextFields (117.0.0):
    - MaterialComponents/AnimationTiming
    - MaterialComponents/Buttons
    - MaterialComponents/Elevation
    - MaterialComponents/Palettes
    - MaterialComponents/private/Math
    - MaterialComponents/Typography
    - MDFInternationalization
  - "MaterialComponents/TextFields+ColorThemer (117.0.0)":
    - MaterialComponents/TextFields
    - MaterialComponents/Themes
  - "MaterialComponents/TextFields+Theming (117.0.0)":
    - MaterialComponents/schemes/Container
    - MaterialComponents/TextFields
    - "MaterialComponents/TextFields+ColorThemer"
  - MaterialComponents/Themes (117.0.0):
    - MaterialComponents/schemes/Color
    - MaterialComponents/schemes/Typography
  - MaterialComponents/Typography (117.0.0):
    - MaterialComponents/private/Application
    - MaterialComponents/private/Math
    - MDFTextAccessibility
  - MDFInternationalization (2.0.0)
  - MDFTextAccessibility (2.0.0)
  - MotionAnimator (2.8.1):
    - MotionInterchange (~> 1.6)
  - MotionInterchange (1.6.0)

DEPENDENCIES:
  - MaterialComponents/ActivityIndicator
  - MaterialComponents/Buttons
  - "MaterialComponents/Buttons+Theming"
  - MaterialComponents/ProgressView
  - MaterialComponents/schemes/Color
  - MaterialComponents/Slider
  - MaterialComponents/TextFields
  - "MaterialComponents/TextFields+Theming"

SPEC REPOS:
  trunk:
    - MaterialComponents
    - MDFInternationalization
    - MDFTextAccessibility
    - MotionAnimator
    - MotionInterchange

SPEC CHECKSUMS:
  MaterialComponents: 29320b6a89c4c90e41c7a41fc70e91127ac34161
  MDFInternationalization: 010097556d6b09d2c4ea38e0820ea6d37be6a314
  MDFTextAccessibility: 85c09a1bd9c321f494348e632a25063bcda35a53
  MotionAnimator: ee16aa30567c5bae0fb2750c132915829cfaaf8a
  MotionInterchange: ead0e3ae1f3a5fb539e289debbc7ae036160a10d

PODFILE CHECKSUM: 69fefb995565345fc8223e3dfef3569d0619a10c

COCOAPODS: 1.9.3
